
Microsoft Visual Studio Solution File, Format Version 12.00
# Visual Studio Version 17
VisualStudioVersion = 17.6.33815.320
MinimumVisualStudioVersion = 10.0.40219.1
Project("{FAE04EC0-301F-11D3-BF4B-00C04F79EFBC}") = "Lab1Ex8", "Lab1Ex8\Lab1Ex8.csproj", "{4F00D433-1703-4170-BF51-4173A207BA9B}"
EndProject
Global
	GlobalSection(SolutionConfigurationPlatforms) = preSolution
		Debug|Any CPU = Debug|Any CPU
		Release|Any CPU = Release|Any CPU
	EndGlobalSection
	GlobalSection(ProjectConfigurationPlatforms) = postSolution
		{4F00D433-1703-4170-BF51-4173A207BA9B}.Debug|Any CPU.ActiveCfg = Debug|Any CPU
		{4F00D433-1703-4170-BF51-4173A207BA9B}.Debug|Any CPU.Build.0 = Debug|Any CPU
		{4F00D433-1703-4170-BF51-4173A207BA9B}.Release|Any CPU.ActiveCfg = Release|Any CPU
		{4F00D433-1703-4170-BF51-4173A207BA9B}.Release|Any CPU.Build.0 = Release|Any CPU
	EndGlobalSection
	GlobalSection(SolutionProperties) = preSolution
		HideSolutionNode = FALSE
	EndGlobalSection
	GlobalSection(ExtensibilityGlobals) = postSolution
		SolutionGuid = {BE37452D-323C-491E-9DFB-07A369A3F213}
	EndGlobalSection
EndGlobal
